github.com/go-telegram-bot-api/telegram-bot-api/v5 v5.5.1 h1:wG8n/XJQ07TmjbITcGiUaOtXxdrINDz1b0J1w0SzqDc=
github.com/go-telegram-bot-api/telegram-bot-api/v5 v5.5.1/go.mod h1:A2S0CWkNylc2phvKXWBBdD3K0iGnDBGbzRpISP2zBl8=
github.com/joho/godotenv v1.5.1 h1:7eLL/+HRGLY0ldzfGMeQkb7vMd0as4CfYvUVzLqw0N0=
github.com/joho/godotenv v1.5.1/go.mod h1:f4LDr5Voq0i2e/R5DDNOoa2zzDfwtkZa6DnEwAbqwq4=
github.com/shahinrahimi/go-freelancer-sdk v0.0.0-20241023094112-d17cd9f163ae h1:rXKjqgtipSwoYJ0RSctVHXgMsFEYdIOwVQQpAaK5gPg=
github.com/shahinrahimi/go-freelancer-sdk v0.0.0-20241023094112-d17cd9f163ae/go.mod h1:9Otps2I0F1klElZ72AVmEsjNu4NiRTqkkMuNgTCc86o=
github.com/shahinrahimi/go-freelancer-sdk v0.0.0-20241027190027-0f3d243477bc h1:WajfVPnfnZZwVXH/Uw82rxrPkx/jfTuyjZRBN+iPksI=
github.com/shahinrahimi/go-freelancer-sdk v0.0.0-20241027190027-0f3d243477bc/go.mod h1:9Otps2I0F1klElZ72AVmEsjNu4NiRTqkkMuNgTCc86o=
